<?xml version="1.0" encoding="utf-8"?>
<Project ToolsVersion="4.0" xmlns="http://schemas.microsoft.com/developer/msbuild/2003">
  <ItemGroup>
    <Filter Include="win32">
      <UniqueIdentifier>{84a8ebd7-7cf0-47f6-b75e-d441df67da40}</UniqueIdentifier>
    </Filter>
    <Filter Include="Header Files">
      <UniqueIdentifier>{16c67747-89e8-4a9a-b0b4-9d1ac759079d}</UniqueIdentifier>
    </Filter>
    <Filter Include="Resource Files">
      <UniqueIdentifier>{715254bc-d70b-4ec5-bf29-467dd3ace079}</UniqueIdentifier>
    </Filter>
    <Filter Include="Source Files">
      <UniqueIdentifier>{bb6c862e-70e9-49d9-81b7-3829a6f50471}</UniqueIdentifier>
    </Filter>
    <Filter Include="Header Files\BirdsOfParadise">
      <UniqueIdentifier>{87244018-e3fd-4dc0-bfa2-256498b17014}</UniqueIdentifier>
    </Filter>
    <Filter Include="Header Files\Core">
      <UniqueIdentifier>{6a6446dd-c4dd-44d2-9a19-785e68878e0b}</UniqueIdentifier>
    </Filter>
    <Filter Include="Header Files\Core\View">
      <UniqueIdentifier>{25d490cd-eac7-4a07-980d-793d00562e56}</UniqueIdentifier>
    </Filter>
    <Filter Include="Header Files\Core\Utils">
      <UniqueIdentifier>{e38f570a-c3c0-4793-a415-36002842a787}</UniqueIdentifier>
    </Filter>
    <Filter Include="Header Files\Core\Model">
      <UniqueIdentifier>{07f003b5-c2aa-4887-92ff-52e5e090793f}</UniqueIdentifier>
    </Filter>
    <Filter Include="Header Files\Core\Controller">
      <UniqueIdentifier>{3de86158-cdef-40bc-8ffe-ccee913327a5}</UniqueIdentifier>
    </Filter>
    <Filter Include="Header Files\BirdsOfParadise\Controller">
      <UniqueIdentifier>{ee705bf7-ed7f-44b0-9846-49d417325e18}</UniqueIdentifier>
    </Filter>
    <Filter Include="Header Files\BirdsOfParadise\Model">
      <UniqueIdentifier>{929b1f68-0b0e-4548-b83b-e94a214f986d}</UniqueIdentifier>
    </Filter>
    <Filter Include="Header Files\BirdsOfParadise\View">
      <UniqueIdentifier>{29f41cda-b6d1-47e5-94a3-6b28c579e52b}</UniqueIdentifier>
    </Filter>
    <Filter Include="Source Files\BirdsOfParadise">
      <UniqueIdentifier>{40cb6c75-9850-4583-a280-82c0e6fce0b5}</UniqueIdentifier>
    </Filter>
    <Filter Include="Source Files\BirdsOfParadise\Controller">
      <UniqueIdentifier>{f88a02b7-b483-4966-b279-d303eed2c7cf}</UniqueIdentifier>
    </Filter>
    <Filter Include="Source Files\BirdsOfParadise\Model">
      <UniqueIdentifier>{96dda26e-b3c3-4006-a1e1-2f6d07fe0ef2}</UniqueIdentifier>
    </Filter>
    <Filter Include="Source Files\BirdsOfParadise\View">
      <UniqueIdentifier>{89d1cf7a-408c-495c-8d86-576738762e85}</UniqueIdentifier>
    </Filter>
    <Filter Include="Source Files\Core">
      <UniqueIdentifier>{2a837f95-e2d4-4013-8b19-ba04cfeafe10}</UniqueIdentifier>
    </Filter>
    <Filter Include="Source Files\Core\Utils">
      <UniqueIdentifier>{504f36ac-24e7-4723-91c5-671cfbfdde93}</UniqueIdentifier>
    </Filter>
    <Filter Include="Source Files\Core\View">
      <UniqueIdentifier>{69337184-0fb6-496e-8f48-232e1e75947d}</UniqueIdentifier>
    </Filter>
    <Filter Include="Source Files\Core\Model">
      <UniqueIdentifier>{41bc07e6-54d0-47de-b6a2-99e687781541}</UniqueIdentifier>
    </Filter>
    <Filter Include="Source Files\Core\Controller">
      <UniqueIdentifier>{2ca053ac-4078-4d2f-b66a-5d60e7da199a}</UniqueIdentifier>
    </Filter>
  </ItemGroup>
  <ItemGroup>
    <ClCompile Include="main.cpp">
      <Filter>win32</Filter>
    </ClCompile>
    <ClCompile Include="..\CorvusCore\Controller.cpp">
      <Filter>Source Files\Core\Controller</Filter>
    </ClCompile>
    <ClCompile Include="..\CorvusCore\GameController.cpp">
      <Filter>Source Files\Core\Controller</Filter>
    </ClCompile>
    <ClCompile Include="..\CorvusCore\InputController.cpp">
      <Filter>Source Files\Core\Controller</Filter>
    </ClCompile>
    <ClCompile Include="..\CorvusCore\GameState.cpp">
      <Filter>Source Files\Core\Model</Filter>
    </ClCompile>
    <ClCompile Include="..\CorvusCore\Model.cpp">
      <Filter>Source Files\Core\Model</Filter>
    </ClCompile>
    <ClCompile Include="..\CorvusCore\Sprite3DView.cpp">
      <Filter>Source Files\Core\View</Filter>
    </ClCompile>
    <ClCompile Include="..\CorvusCore\SegmentedSprite3DView.cpp">
      <Filter>Source Files\Core\View</Filter>
    </ClCompile>
    <ClCompile Include="..\CorvusCore\StringUtils.cpp">
      <Filter>Source Files\Core\Utils</Filter>
    </ClCompile>
    <ClCompile Include="..\CorvusCore\GenUtils.cpp">
      <Filter>Source Files\Core\Utils</Filter>
    </ClCompile>
    <ClCompile Include="..\CorvusCore\OBJ.cpp">
      <Filter>Source Files\Core\Utils</Filter>
    </ClCompile>
    <ClCompile Include="..\CorvusCore\CollisionContainerView.cpp">
      <Filter>Source Files\Core\View</Filter>
    </ClCompile>
    <ClCompile Include="..\Classes\BoPGameState.cpp">
      <Filter>Source Files\BirdsOfParadise\Model</Filter>
    </ClCompile>
    <ClCompile Include="..\Classes\BoPGameController.cpp">
      <Filter>Source Files\BirdsOfParadise\Controller</Filter>
    </ClCompile>
    <ClCompile Include="..\Classes\BoPBulletController.cpp">
      <Filter>Source Files\BirdsOfParadise\Controller</Filter>
    </ClCompile>
    <ClCompile Include="..\Classes\BoPPlayerController.cpp">
      <Filter>Source Files\BirdsOfParadise\Controller</Filter>
    </ClCompile>
    <ClCompile Include="..\Classes\BoPPlaneModel.cpp">
      <Filter>Source Files\BirdsOfParadise\Model</Filter>
    </ClCompile>
    <ClCompile Include="..\Classes\BoPPlaneView.cpp">
      <Filter>Source Files\BirdsOfParadise\View</Filter>
    </ClCompile>
    <ClCompile Include="..\Classes\BoPBulletManager.cpp">
      <Filter>Source Files\BirdsOfParadise\Model</Filter>
    </ClCompile>
    <ClCompile Include="..\CorvusCore\GLProgramManager.cpp">
      <Filter>Source Files\Core\Utils</Filter>
    </ClCompile>
    <ClCompile Include="..\CorvusCore\View.cpp">
      <Filter>Source Files\Core\View</Filter>
    </ClCompile>
    <ClCompile Include="..\CorvusCore\GameView.cpp">
      <Filter>Source Files\Core\View</Filter>
    </ClCompile>
    <ClCompile Include="..\Classes\BoPGameView.cpp">
      <Filter>Source Files\BirdsOfParadise\View</Filter>
    </ClCompile>
    <ClCompile Include="..\CorvusCore\CameraView.cpp">
      <Filter>Source Files\Core\View</Filter>
    </ClCompile>
    <ClCompile Include="..\Classes\BoPCameraController.cpp">
      <Filter>Source Files\BirdsOfParadise\Controller</Filter>
    </ClCompile>
    <ClCompile Include="..\Classes\BoPAppDelegate.cpp">
      <Filter>Source Files\BirdsOfParadise</Filter>
    </ClCompile>
  </ItemGroup>
  <ItemGroup>
    <ClInclude Include="main.h">
      <Filter>win32</Filter>
    </ClInclude>
    <ClInclude Include="..\CorvusCore\Model.h">
      <Filter>Header Files\Core\Model</Filter>
    </ClInclude>
    <ClInclude Include="..\CorvusCore\InputState.h">
      <Filter>Header Files\Core\Model</Filter>
    </ClInclude>
    <ClInclude Include="..\CorvusCore\GameController.h">
      <Filter>Header Files\Core\Controller</Filter>
    </ClInclude>
    <ClInclude Include="..\CorvusCore\Controller.h">
      <Filter>Header Files\Core\Controller</Filter>
    </ClInclude>
    <ClInclude Include="..\CorvusCore\InputController.h">
      <Filter>Header Files\Core\Controller</Filter>
    </ClInclude>
    <ClInclude Include="..\CorvusCore\GameState.h">
      <Filter>Header Files\Core\Model</Filter>
    </ClInclude>
    <ClInclude Include="..\CorvusCore\GenUtils.h">
      <Filter>Header Files\Core\Utils</Filter>
    </ClInclude>
    <ClInclude Include="..\CorvusCore\OBJ.h">
      <Filter>Header Files\Core\Utils</Filter>
    </ClInclude>
    <ClInclude Include="..\CorvusCore\StringUtils.h">
      <Filter>Header Files\Core\Utils</Filter>
    </ClInclude>
    <ClInclude Include="..\CorvusCore\Team.h">
      <Filter>Header Files\Core\Utils</Filter>
    </ClInclude>
    <ClInclude Include="..\CorvusCore\SegmentedSprite3DView.h">
      <Filter>Header Files\Core\View</Filter>
    </ClInclude>
    <ClInclude Include="..\CorvusCore\Sprite3DView.h">
      <Filter>Header Files\Core\View</Filter>
    </ClInclude>
    <ClInclude Include="..\CorvusCore\CollisionContainer.h">
      <Filter>Header Files\Core\Utils</Filter>
    </ClInclude>
    <ClInclude Include="..\CorvusCore\CollisionContainerView.h">
      <Filter>Header Files\Core\View</Filter>
    </ClInclude>
    <ClInclude Include="..\CorvusCore\Array2D.h">
      <Filter>Header Files\Core\Utils</Filter>
    </ClInclude>
    <ClInclude Include="..\Classes\BoPGameState.h">
      <Filter>Header Files\BirdsOfParadise\Model</Filter>
    </ClInclude>
    <ClInclude Include="..\Classes\BoPGameController.h">
      <Filter>Header Files\BirdsOfParadise\Controller</Filter>
    </ClInclude>
    <ClInclude Include="..\Classes\BirdsOfParadise.h">
      <Filter>Header Files\BirdsOfParadise</Filter>
    </ClInclude>
    <ClInclude Include="..\Classes\BoPDefinitions.h">
      <Filter>Header Files\BirdsOfParadise</Filter>
    </ClInclude>
    <ClInclude Include="..\Classes\BoPBulletController.h">
      <Filter>Header Files\BirdsOfParadise\Controller</Filter>
    </ClInclude>
    <ClInclude Include="..\Classes\BoPPlayerController.h">
      <Filter>Header Files\BirdsOfParadise\Controller</Filter>
    </ClInclude>
    <ClInclude Include="..\Classes\BoPBulletManager.h">
      <Filter>Header Files\BirdsOfParadise\Model</Filter>
    </ClInclude>
    <ClInclude Include="..\Classes\BoPPlaneModel.h">
      <Filter>Header Files\BirdsOfParadise\Model</Filter>
    </ClInclude>
    <ClInclude Include="..\Classes\BoPTurret.h">
      <Filter>Header Files\BirdsOfParadise\Model</Filter>
    </ClInclude>
    <ClInclude Include="..\Classes\BoPPlaneView.h">
      <Filter>Header Files\BirdsOfParadise\View</Filter>
    </ClInclude>
    <ClInclude Include="..\Classes\BoPBullet.h">
      <Filter>Header Files\BirdsOfParadise\Model</Filter>
    </ClInclude>
    <ClInclude Include="..\CorvusCore\GLProgramManager.h">
      <Filter>Header Files\Core\Utils</Filter>
    </ClInclude>
    <ClInclude Include="..\CorvusCore\CameraModel.h">
      <Filter>Header Files\Core\Model</Filter>
    </ClInclude>
    <ClInclude Include="..\CorvusCore\View.h">
      <Filter>Header Files\Core\View</Filter>
    </ClInclude>
    <ClInclude Include="..\CorvusCore\GameView.h">
      <Filter>Header Files\Core\View</Filter>
    </ClInclude>
    <ClInclude Include="..\Classes\BoPGameView.h">
      <Filter>Header Files\BirdsOfParadise\View</Filter>
    </ClInclude>
    <ClInclude Include="..\CorvusCore\CameraView.h">
      <Filter>Header Files\Core\View</Filter>
    </ClInclude>
    <ClInclude Include="..\Classes\BoPCameraController.h">
      <Filter>Header Files\BirdsOfParadise\Controller</Filter>
    </ClInclude>
    <ClInclude Include="..\Classes\BoPAppDelegate.h">
      <Filter>Header Files\BirdsOfParadise</Filter>
    </ClInclude>
  </ItemGroup>
  <ItemGroup>
    <ResourceCompile Include="game.rc">
      <Filter>Resource Files</Filter>
    </ResourceCompile>
  </ItemGroup>
</Project>